
Microsoft Visual Studio Solution File, Format Version 12.00
# Visual Studio Version 17
VisualStudioVersion = 17.12.35527.113
MinimumVisualStudioVersion = 10.0.40219.1
Project("{FAE04EC0-301F-11D3-BF4B-00C04F79EFBC}") = "GetContact.Api", "GetContact.Api\GetContact.Api.csproj", "{3CD4D65B-A864-4940-9426-B1A478CFE9CC}"
EndProject
Project("{FAE04EC0-301F-11D3-BF4B-00C04F79EFBC}") = "GetContacts.Application", "GetContacts.Application\GetContacts.Application.csproj", "{790671C0-7D4B-449C-A906-2512FFE19468}"
EndProject
Project("{FAE04EC0-301F-11D3-BF4B-00C04F79EFBC}") = "GetContact.Domain", "GetContact.Domain\GetContact.Domain.csproj", "{591BCB7D-6D8F-49AA-8AAB-4D0BD47F4394}"
EndProject
Project("{FAE04EC0-301F-11D3-BF4B-00C04F79EFBC}") = "GetContact.Infrastructure", "GetContact.Infrastructure\GetContact.Infrastructure.csproj", "{0C03358C-0C43-4C6B-91F9-7D48EC48F55F}"
EndProject
Project("{FAE04EC0-301F-11D3-BF4B-00C04F79EFBC}") = "UnitTests", "UnitTests\UnitTests.csproj", "{A8C0DBD4-B57B-46D6-8281-75A9E00667E0}"
EndProject
Global
	GlobalSection(SolutionConfigurationPlatforms) = preSolution
		Debug|Any CPU = Debug|Any CPU
		Release|Any CPU = Release|Any CPU
	EndGlobalSection
	GlobalSection(ProjectConfigurationPlatforms) = postSolution
		{3CD4D65B-A864-4940-9426-B1A478CFE9CC}.Debug|Any CPU.ActiveCfg = Debug|Any CPU
		{3CD4D65B-A864-4940-9426-B1A478CFE9CC}.Debug|Any CPU.Build.0 = Debug|Any CPU
		{3CD4D65B-A864-4940-9426-B1A478CFE9CC}.Release|Any CPU.ActiveCfg = Release|Any CPU
		{3CD4D65B-A864-4940-9426-B1A478CFE9CC}.Release|Any CPU.Build.0 = Release|Any CPU
		{790671C0-7D4B-449C-A906-2512FFE19468}.Debug|Any CPU.ActiveCfg = Debug|Any CPU
		{790671C0-7D4B-449C-A906-2512FFE19468}.Debug|Any CPU.Build.0 = Debug|Any CPU
		{790671C0-7D4B-449C-A906-2512FFE19468}.Release|Any CPU.ActiveCfg = Release|Any CPU
		{790671C0-7D4B-449C-A906-2512FFE19468}.Release|Any CPU.Build.0 = Release|Any CPU
		{591BCB7D-6D8F-49AA-8AAB-4D0BD47F4394}.Debug|Any CPU.ActiveCfg = Debug|Any CPU
		{591BCB7D-6D8F-49AA-8AAB-4D0BD47F4394}.Debug|Any CPU.Build.0 = Debug|Any CPU
		{591BCB7D-6D8F-49AA-8AAB-4D0BD47F4394}.Release|Any CPU.ActiveCfg = Release|Any CPU
		{591BCB7D-6D8F-49AA-8AAB-4D0BD47F4394}.Release|Any CPU.Build.0 = Release|Any CPU
		{0C03358C-0C43-4C6B-91F9-7D48EC48F55F}.Debug|Any CPU.ActiveCfg = Debug|Any CPU
		{0C03358C-0C43-4C6B-91F9-7D48EC48F55F}.Debug|Any CPU.Build.0 = Debug|Any CPU
		{0C03358C-0C43-4C6B-91F9-7D48EC48F55F}.Release|Any CPU.ActiveCfg = Release|Any CPU
		{0C03358C-0C43-4C6B-91F9-7D48EC48F55F}.Release|Any CPU.Build.0 = Release|Any CPU
		{A8C0DBD4-B57B-46D6-8281-75A9E00667E0}.Debug|Any CPU.ActiveCfg = Debug|Any CPU
		{A8C0DBD4-B57B-46D6-8281-75A9E00667E0}.Debug|Any CPU.Build.0 = Debug|Any CPU
		{A8C0DBD4-B57B-46D6-8281-75A9E00667E0}.Release|Any CPU.ActiveCfg = Release|Any CPU
		{A8C0DBD4-B57B-46D6-8281-75A9E00667E0}.Release|Any CPU.Build.0 = Release|Any CPU
	EndGlobalSection
	GlobalSection(SolutionProperties) = preSolution
		HideSolutionNode = FALSE
	EndGlobalSection
EndGlobal
